
Microsoft Visual Studio Solution File, Format Version 12.00
# Visual Studio Version 17
VisualStudioVersion = 17.1.32421.90
MinimumVisualStudioVersion = 10.0.40219.1
Project("{FAE04EC0-301F-11D3-BF4B-00C04F79EFBC}") = "BooksAPI.API", "BooksAPI.API\BooksAPI.API.csproj", "{3EF996BA-F6FD-4F64-8C96-F8662763A7F3}"
EndProject
Project("{FAE04EC0-301F-11D3-BF4B-00C04F79EFBC}") = "BooksDetails.API", "BooksDetails.API\BooksDetails.API.csproj", "{50C9F9B9-5F3D-45F7-A70A-E3E9FC85F1D3}"
EndProject
Global
	GlobalSection(SolutionConfigurationPlatforms) = preSolution
		Debug|Any CPU = Debug|Any CPU
		Release|Any CPU = Release|Any CPU
	EndGlobalSection
	GlobalSection(ProjectConfigurationPlatforms) = postSolution
		{3EF996BA-F6FD-4F64-8C96-F8662763A7F3}.Debug|Any CPU.ActiveCfg = Debug|Any CPU
		{3EF996BA-F6FD-4F64-8C96-F8662763A7F3}.Debug|Any CPU.Build.0 = Debug|Any CPU
		{3EF996BA-F6FD-4F64-8C96-F8662763A7F3}.Release|Any CPU.ActiveCfg = Release|Any CPU
		{3EF996BA-F6FD-4F64-8C96-F8662763A7F3}.Release|Any CPU.Build.0 = Release|Any CPU
		{50C9F9B9-5F3D-45F7-A70A-E3E9FC85F1D3}.Debug|Any CPU.ActiveCfg = Debug|Any CPU
		{50C9F9B9-5F3D-45F7-A70A-E3E9FC85F1D3}.Debug|Any CPU.Build.0 = Debug|Any CPU
		{50C9F9B9-5F3D-45F7-A70A-E3E9FC85F1D3}.Release|Any CPU.ActiveCfg = Release|Any CPU
		{50C9F9B9-5F3D-45F7-A70A-E3E9FC85F1D3}.Release|Any CPU.Build.0 = Release|Any CPU
	EndGlobalSection
	GlobalSection(SolutionProperties) = preSolution
		HideSolutionNode = FALSE
	EndGlobalSection
	GlobalSection(ExtensibilityGlobals) = postSolution
		SolutionGuid = {F198132B-A306-479B-BC36-B97697C226EE}
	EndGlobalSection
EndGlobal
